
Microsoft Visual Studio Solution File, Format Version 12.00
# Visual Studio Version 17
VisualStudioVersion = 17.12.35514.174
MinimumVisualStudioVersion = 10.0.40219.1
Project("{2150E333-8FDC-42A3-9474-1A3956D46DE8}") = "Services", "Services", "{39E722DA-7CFE-430E-B5EB-6B3DDD89DD93}"
EndProject
Project("{2150E333-8FDC-42A3-9474-1A3956D46DE8}") = "Catalog", "Catalog", "{737E76D7-28E7-4D67-BB6C-66CD9967BD6E}"
EndProject
Project("{FAE04EC0-301F-11D3-BF4B-00C04F79EFBC}") = "MultiShop.Catalog", "Services\Catalog\WebApplication1\MultiShop.Catalog.csproj", "{9A014619-55D1-458D-9576-94A3BCB543F8}"
EndProject
Project("{2150E333-8FDC-42A3-9474-1A3956D46DE8}") = "Discount", "Discount", "{5DC14F2E-A3AC-4CAC-9E2D-2E2990EB57F9}"
EndProject
Project("{FAE04EC0-301F-11D3-BF4B-00C04F79EFBC}") = "MultiShop.Discount", "Services\Discount\MultiShop.Discount\MultiShop.Discount.csproj", "{3DE145DD-087A-428B-ACC3-97E273E00E5E}"
EndProject
Project("{2150E333-8FDC-42A3-9474-1A3956D46DE8}") = "Order", "Order", "{679F60D8-9145-4B67-9BF4-4E01710FAF22}"
EndProject
Project("{2150E333-8FDC-42A3-9474-1A3956D46DE8}") = "Presentation", "Presentation", "{72D960F6-A3DF-46C3-B6AB-9447A19F980B}"
EndProject
Project("{2150E333-8FDC-42A3-9474-1A3956D46DE8}") = "Infrastructure", "Infrastructure", "{B968646B-7320-4ED6-993C-F6ADABBF33B3}"
EndProject
Project("{2150E333-8FDC-42A3-9474-1A3956D46DE8}") = "Core", "Core", "{ADCF1BA2-72E8-437A-A8B1-7044240427F1}"
EndProject
Project("{FAE04EC0-301F-11D3-BF4B-00C04F79EFBC}") = "MultiShop.Order.Domain", "Services\Order\Core\MultiShop.Order.Domain\MultiShop.Order.Domain.csproj", "{1DC868BC-6A9C-487E-9582-D0627E7F46B3}"
EndProject
Project("{FAE04EC0-301F-11D3-BF4B-00C04F79EFBC}") = "MultiShop.Order.Application", "Order\Core\MultiShop.Order.Application\MultiShop.Order.Application.csproj", "{ACC810FD-F6A5-42E0-872D-7C4FE3B32B18}"
EndProject
Project("{FAE04EC0-301F-11D3-BF4B-00C04F79EFBC}") = "MultiShop.Order.Persistance", "Order\Core\Infrastructure\MultiShop.Order.Persistance\MultiShop.Order.Persistance.csproj", "{1908C621-2C38-4E98-8A9F-EA942E4090AA}"
EndProject
Project("{FAE04EC0-301F-11D3-BF4B-00C04F79EFBC}") = "MultiShop.Order.WebApi", "Services\Order\Presentation\MultiShop.Order.WebApi\MultiShop.Order.WebApi.csproj", "{ED72E117-961A-449E-907F-9B9C6F6824FD}"
EndProject
Project("{2150E333-8FDC-42A3-9474-1A3956D46DE8}") = "IdentityServer", "IdentityServer", "{6F364390-0ACB-4E2A-884B-A845B652EF85}"
EndProject
Project("{FAE04EC0-301F-11D3-BF4B-00C04F79EFBC}") = "MultiShop.IdentityServer", "IdentityServer\MultiShop.IdentityServer\MultiShop.IdentityServer.csproj", "{2A6E9BB8-21F2-40F8-80FB-D24EC6C91D11}"
EndProject
Project("{2150E333-8FDC-42A3-9474-1A3956D46DE8}") = "Cargo", "Cargo", "{C03117FA-CEDD-484E-BEA4-1BB7D53E8E78}"
EndProject
Project("{FAE04EC0-301F-11D3-BF4B-00C04F79EFBC}") = "MultiShop.Cargo.EntityLayer", "Services\Cargo\MultiShop.Cargo.EntityLayer\MultiShop.Cargo.EntityLayer.csproj", "{5977BB69-FF28-433F-BF97-0CD7321974C8}"
EndProject
Project("{FAE04EC0-301F-11D3-BF4B-00C04F79EFBC}") = "MultiShop.Cargo.BusinessLayer", "Services\Cargo\MultiShop.Cargo.BusinessLayer\MultiShop.Cargo.BusinessLayer.csproj", "{FC1DCDE9-A6C6-43FC-A913-F9F249840A0A}"
EndProject
Project("{FAE04EC0-301F-11D3-BF4B-00C04F79EFBC}") = "MultiShop.Cargo.DataAccesLayer", "Services\Cargo\MultiShop.Cargo.DataAccesLayer\MultiShop.Cargo.DataAccesLayer.csproj", "{8E41068C-7C1B-4242-8648-5022E8B0F446}"
EndProject
Project("{FAE04EC0-301F-11D3-BF4B-00C04F79EFBC}") = "MultiShop.Cargo.DtoLayer", "Services\Cargo\MultiShop.Cargo.DtoLayer\MultiShop.Cargo.DtoLayer.csproj", "{F25803CD-0EBD-4D8F-BD48-DE306A3793C9}"
EndProject
Project("{FAE04EC0-301F-11D3-BF4B-00C04F79EFBC}") = "MultiShop.Cargo.WebApi", "Services\Cargo\MultiShop.Cargo.WebApi\MultiShop.Cargo.WebApi.csproj", "{B2254918-32F1-4F8B-A2FE-45332650F1D1}"
EndProject
Project("{2150E333-8FDC-42A3-9474-1A3956D46DE8}") = "Basket", "Basket", "{0E896CBD-8C3E-49FF-A2B1-E87283600FC3}"
EndProject
Project("{FAE04EC0-301F-11D3-BF4B-00C04F79EFBC}") = "MultiShop.Basket", "Services\Basket\MultiShop.Basket\MultiShop.Basket.csproj", "{0489C14C-52D5-4B74-8622-C3AEFC5D4DE4}"
EndProject
Global
	GlobalSection(SolutionConfigurationPlatforms) = preSolution
		Debug|Any CPU = Debug|Any CPU
		Release|Any CPU = Release|Any CPU
	EndGlobalSection
	GlobalSection(ProjectConfigurationPlatforms) = postSolution
		{9A014619-55D1-458D-9576-94A3BCB543F8}.Debug|Any CPU.ActiveCfg = Debug|Any CPU
		{9A014619-55D1-458D-9576-94A3BCB543F8}.Debug|Any CPU.Build.0 = Debug|Any CPU
		{9A014619-55D1-458D-9576-94A3BCB543F8}.Release|Any CPU.ActiveCfg = Release|Any CPU
		{9A014619-55D1-458D-9576-94A3BCB543F8}.Release|Any CPU.Build.0 = Release|Any CPU
		{3DE145DD-087A-428B-ACC3-97E273E00E5E}.Debug|Any CPU.ActiveCfg = Debug|Any CPU
		{3DE145DD-087A-428B-ACC3-97E273E00E5E}.Debug|Any CPU.Build.0 = Debug|Any CPU
		{3DE145DD-087A-428B-ACC3-97E273E00E5E}.Release|Any CPU.ActiveCfg = Release|Any CPU
		{3DE145DD-087A-428B-ACC3-97E273E00E5E}.Release|Any CPU.Build.0 = Release|Any CPU
		{1DC868BC-6A9C-487E-9582-D0627E7F46B3}.Debug|Any CPU.ActiveCfg = Debug|Any CPU
		{1DC868BC-6A9C-487E-9582-D0627E7F46B3}.Debug|Any CPU.Build.0 = Debug|Any CPU
		{1DC868BC-6A9C-487E-9582-D0627E7F46B3}.Release|Any CPU.ActiveCfg = Release|Any CPU
		{1DC868BC-6A9C-487E-9582-D0627E7F46B3}.Release|Any CPU.Build.0 = Release|Any CPU
		{ACC810FD-F6A5-42E0-872D-7C4FE3B32B18}.Debug|Any CPU.ActiveCfg = Debug|Any CPU
		{ACC810FD-F6A5-42E0-872D-7C4FE3B32B18}.Debug|Any CPU.Build.0 = Debug|Any CPU
		{ACC810FD-F6A5-42E0-872D-7C4FE3B32B18}.Release|Any CPU.ActiveCfg = Release|Any CPU
		{ACC810FD-F6A5-42E0-872D-7C4FE3B32B18}.Release|Any CPU.Build.0 = Release|Any CPU
		{1908C621-2C38-4E98-8A9F-EA942E4090AA}.Debug|Any CPU.ActiveCfg = Debug|Any CPU
		{1908C621-2C38-4E98-8A9F-EA942E4090AA}.Debug|Any CPU.Build.0 = Debug|Any CPU
		{1908C621-2C38-4E98-8A9F-EA942E4090AA}.Release|Any CPU.ActiveCfg = Release|Any CPU
		{1908C621-2C38-4E98-8A9F-EA942E4090AA}.Release|Any CPU.Build.0 = Release|Any CPU
		{ED72E117-961A-449E-907F-9B9C6F6824FD}.Debug|Any CPU.ActiveCfg = Debug|Any CPU
		{ED72E117-961A-449E-907F-9B9C6F6824FD}.Debug|Any CPU.Build.0 = Debug|Any CPU
		{ED72E117-961A-449E-907F-9B9C6F6824FD}.Release|Any CPU.ActiveCfg = Release|Any CPU
		{ED72E117-961A-449E-907F-9B9C6F6824FD}.Release|Any CPU.Build.0 = Release|Any CPU
		{2A6E9BB8-21F2-40F8-80FB-D24EC6C91D11}.Debug|Any CPU.ActiveCfg = Debug|Any CPU
		{2A6E9BB8-21F2-40F8-80FB-D24EC6C91D11}.Debug|Any CPU.Build.0 = Debug|Any CPU
		{2A6E9BB8-21F2-40F8-80FB-D24EC6C91D11}.Release|Any CPU.ActiveCfg = Release|Any CPU
		{2A6E9BB8-21F2-40F8-80FB-D24EC6C91D11}.Release|Any CPU.Build.0 = Release|Any CPU
		{5977BB69-FF28-433F-BF97-0CD7321974C8}.Debug|Any CPU.ActiveCfg = Debug|Any CPU
		{5977BB69-FF28-433F-BF97-0CD7321974C8}.Debug|Any CPU.Build.0 = Debug|Any CPU
		{5977BB69-FF28-433F-BF97-0CD7321974C8}.Release|Any CPU.ActiveCfg = Release|Any CPU
		{5977BB69-FF28-433F-BF97-0CD7321974C8}.Release|Any CPU.Build.0 = Release|Any CPU
		{FC1DCDE9-A6C6-43FC-A913-F9F249840A0A}.Debug|Any CPU.ActiveCfg = Debug|Any CPU
		{FC1DCDE9-A6C6-43FC-A913-F9F249840A0A}.Debug|Any CPU.Build.0 = Debug|Any CPU
		{FC1DCDE9-A6C6-43FC-A913-F9F249840A0A}.Release|Any CPU.ActiveCfg = Release|Any CPU
		{FC1DCDE9-A6C6-43FC-A913-F9F249840A0A}.Release|Any CPU.Build.0 = Release|Any CPU
		{8E41068C-7C1B-4242-8648-5022E8B0F446}.Debug|Any CPU.ActiveCfg = Debug|Any CPU
		{8E41068C-7C1B-4242-8648-5022E8B0F446}.Debug|Any CPU.Build.0 = Debug|Any CPU
		{8E41068C-7C1B-4242-8648-5022E8B0F446}.Release|Any CPU.ActiveCfg = Release|Any CPU
		{8E41068C-7C1B-4242-8648-5022E8B0F446}.Release|Any CPU.Build.0 = Release|Any CPU
		{F25803CD-0EBD-4D8F-BD48-DE306A3793C9}.Debug|Any CPU.ActiveCfg = Debug|Any CPU
		{F25803CD-0EBD-4D8F-BD48-DE306A3793C9}.Debug|Any CPU.Build.0 = Debug|Any CPU
		{F25803CD-0EBD-4D8F-BD48-DE306A3793C9}.Release|Any CPU.ActiveCfg = Release|Any CPU
		{F25803CD-0EBD-4D8F-BD48-DE306A3793C9}.Release|Any CPU.Build.0 = Release|Any CPU
		{B2254918-32F1-4F8B-A2FE-45332650F1D1}.Debug|Any CPU.ActiveCfg = Debug|Any CPU
		{B2254918-32F1-4F8B-A2FE-45332650F1D1}.Debug|Any CPU.Build.0 = Debug|Any CPU
		{B2254918-32F1-4F8B-A2FE-45332650F1D1}.Release|Any CPU.ActiveCfg = Release|Any CPU
		{B2254918-32F1-4F8B-A2FE-45332650F1D1}.Release|Any CPU.Build.0 = Release|Any CPU
		{0489C14C-52D5-4B74-8622-C3AEFC5D4DE4}.Debug|Any CPU.ActiveCfg = Debug|Any CPU
		{0489C14C-52D5-4B74-8622-C3AEFC5D4DE4}.Debug|Any CPU.Build.0 = Debug|Any CPU
		{0489C14C-52D5-4B74-8622-C3AEFC5D4DE4}.Release|Any CPU.ActiveCfg = Release|Any CPU
		{0489C14C-52D5-4B74-8622-C3AEFC5D4DE4}.Release|Any CPU.Build.0 = Release|Any CPU
	EndGlobalSection
	GlobalSection(SolutionProperties) = preSolution
		HideSolutionNode = FALSE
	EndGlobalSection
	GlobalSection(NestedProjects) = preSolution
		{737E76D7-28E7-4D67-BB6C-66CD9967BD6E} = {39E722DA-7CFE-430E-B5EB-6B3DDD89DD93}
		{9A014619-55D1-458D-9576-94A3BCB543F8} = {737E76D7-28E7-4D67-BB6C-66CD9967BD6E}
		{5DC14F2E-A3AC-4CAC-9E2D-2E2990EB57F9} = {39E722DA-7CFE-430E-B5EB-6B3DDD89DD93}
		{3DE145DD-087A-428B-ACC3-97E273E00E5E} = {5DC14F2E-A3AC-4CAC-9E2D-2E2990EB57F9}
		{679F60D8-9145-4B67-9BF4-4E01710FAF22} = {39E722DA-7CFE-430E-B5EB-6B3DDD89DD93}
		{72D960F6-A3DF-46C3-B6AB-9447A19F980B} = {679F60D8-9145-4B67-9BF4-4E01710FAF22}
		{B968646B-7320-4ED6-993C-F6ADABBF33B3} = {679F60D8-9145-4B67-9BF4-4E01710FAF22}
		{ADCF1BA2-72E8-437A-A8B1-7044240427F1} = {679F60D8-9145-4B67-9BF4-4E01710FAF22}
		{1DC868BC-6A9C-487E-9582-D0627E7F46B3} = {ADCF1BA2-72E8-437A-A8B1-7044240427F1}
		{ACC810FD-F6A5-42E0-872D-7C4FE3B32B18} = {ADCF1BA2-72E8-437A-A8B1-7044240427F1}
		{1908C621-2C38-4E98-8A9F-EA942E4090AA} = {B968646B-7320-4ED6-993C-F6ADABBF33B3}
		{ED72E117-961A-449E-907F-9B9C6F6824FD} = {72D960F6-A3DF-46C3-B6AB-9447A19F980B}
		{2A6E9BB8-21F2-40F8-80FB-D24EC6C91D11} = {6F364390-0ACB-4E2A-884B-A845B652EF85}
		{C03117FA-CEDD-484E-BEA4-1BB7D53E8E78} = {39E722DA-7CFE-430E-B5EB-6B3DDD89DD93}
		{5977BB69-FF28-433F-BF97-0CD7321974C8} = {C03117FA-CEDD-484E-BEA4-1BB7D53E8E78}
		{FC1DCDE9-A6C6-43FC-A913-F9F249840A0A} = {C03117FA-CEDD-484E-BEA4-1BB7D53E8E78}
		{8E41068C-7C1B-4242-8648-5022E8B0F446} = {C03117FA-CEDD-484E-BEA4-1BB7D53E8E78}
		{F25803CD-0EBD-4D8F-BD48-DE306A3793C9} = {C03117FA-CEDD-484E-BEA4-1BB7D53E8E78}
		{B2254918-32F1-4F8B-A2FE-45332650F1D1} = {C03117FA-CEDD-484E-BEA4-1BB7D53E8E78}
		{0E896CBD-8C3E-49FF-A2B1-E87283600FC3} = {39E722DA-7CFE-430E-B5EB-6B3DDD89DD93}
		{0489C14C-52D5-4B74-8622-C3AEFC5D4DE4} = {0E896CBD-8C3E-49FF-A2B1-E87283600FC3}
	EndGlobalSection
EndGlobal
